
Microsoft Visual Studio Solution File, Format Version 12.00
# Visual Studio 15
VisualStudioVersion = 15.0.28307.271
MinimumVisualStudioVersion = 10.0.40219.1
Project("{FAE04EC0-301F-11D3-BF4B-00C04F79EFBC}") = "ClassLibrary", "ClassLibrary\ClassLibrary.csproj", "{3FAE6FA0-E99F-42F6-A136-790F383D798D}"
EndProject
Project("{FAE04EC0-301F-11D3-BF4B-00C04F79EFBC}") = "Client", "Client\Client.csproj", "{FB7E02A6-3079-43A2-B3EE-762A1537237B}"
EndProject
Global
	GlobalSection(SolutionConfigurationPlatforms) = preSolution
		Debug|Any CPU = Debug|Any CPU
		Release|Any CPU = Release|Any CPU
	EndGlobalSection
	GlobalSection(ProjectConfigurationPlatforms) = postSolution
		{3FAE6FA0-E99F-42F6-A136-790F383D798D}.Debug|Any CPU.ActiveCfg = Debug|Any CPU
		{3FAE6FA0-E99F-42F6-A136-790F383D798D}.Debug|Any CPU.Build.0 = Debug|Any CPU
		{3FAE6FA0-E99F-42F6-A136-790F383D798D}.Release|Any CPU.ActiveCfg = Release|Any CPU
		{3FAE6FA0-E99F-42F6-A136-790F383D798D}.Release|Any CPU.Build.0 = Release|Any CPU
		{FB7E02A6-3079-43A2-B3EE-762A1537237B}.Debug|Any CPU.ActiveCfg = Debug|Any CPU
		{FB7E02A6-3079-43A2-B3EE-762A1537237B}.Debug|Any CPU.Build.0 = Debug|Any CPU
		{FB7E02A6-3079-43A2-B3EE-762A1537237B}.Release|Any CPU.ActiveCfg = Release|Any CPU
		{FB7E02A6-3079-43A2-B3EE-762A1537237B}.Release|Any CPU.Build.0 = Release|Any CPU
	EndGlobalSection
	GlobalSection(SolutionProperties) = preSolution
		HideSolutionNode = FALSE
	EndGlobalSection
	GlobalSection(ExtensibilityGlobals) = postSolution
		SolutionGuid = {561DA95C-774B-4DB8-92CB-13BEEBD1C158}
	EndGlobalSection
EndGlobal
